// !$*UTF8*$!
{
	archiveVersion = 1;
	classes = {
	};
	objectVersion = 56;
	objects = {

/* Begin PBXBuildFile section */
		A115656129F8EF1600C7FD65 /* SpotifyCloneApp.swift in Sources */ = {isa = PBXBuildFile; fileRef = A115656029F8EF1600C7FD65 /* SpotifyCloneApp.swift */; };
		A115656329F8EF1600C7FD65 /* ContentView.swift in Sources */ = {isa = PBXBuildFile; fileRef = A115656229F8EF1600C7FD65 /* ContentView.swift */; };
		A115656529F8EF1700C7FD65 /* Assets.xcassets in Resources */ = {isa = PBXBuildFile; fileRef = A115656429F8EF1700C7FD65 /* Assets.xcassets */; };
		A115656829F8EF1700C7FD65 /* Preview Assets.xcassets in Resources */ = {isa = PBXBuildFile; fileRef = A115656729F8EF1700C7FD65 /* Preview Assets.xcassets */; };
		A115656A29F8EF1700C7FD65 /* Persistence.swift in Sources */ = {isa = PBXBuildFile; fileRef = A115656929F8EF1700C7FD65 /* Persistence.swift */; };
		A115656D29F8EF1700C7FD65 /* SpotifyClone.xcdatamodeld in Sources */ = {isa = PBXBuildFile; fileRef = A115656B29F8EF1700C7FD65 /* SpotifyClone.xcdatamodeld */; };
		A115657429F8F06C00C7FD65 /* HomeView.swift in Sources */ = {isa = PBXBuildFile; fileRef = A115657329F8F06C00C7FD65 /* HomeView.swift */; };
		A115657829F8F2B100C7FD65 /* PlaylistsView.swift in Sources */ = {isa = PBXBuildFile; fileRef = A115657729F8F2B100C7FD65 /* PlaylistsView.swift */; };
		A115659529FB29AA00C7FD65 /* CategoryPill.swift in Sources */ = {isa = PBXBuildFile; fileRef = A115659429FB29AA00C7FD65 /* CategoryPill.swift */; };
		A115659829FB2B9200C7FD65 /* Colors.swift in Sources */ = {isa = PBXBuildFile; fileRef = A115659729FB2B9200C7FD65 /* Colors.swift */; };
		A115659A29FB308900C7FD65 /* StretchableHeader.swift in Sources */ = {isa = PBXBuildFile; fileRef = A115659929FB308900C7FD65 /* StretchableHeader.swift */; };
		A11565B829FB370E00C7FD65 /* CircularStd-Bold.otf in Resources */ = {isa = PBXBuildFile; fileRef = A11565B429FB36DF00C7FD65 /* CircularStd-Bold.otf */; };
		A11565B929FB371100C7FD65 /* CircularStd-BlackItalic.otf in Resources */ = {isa = PBXBuildFile; fileRef = A11565B529FB36DF00C7FD65 /* CircularStd-BlackItalic.otf */; };
		A11565BA29FB371300C7FD65 /* CircularStd-Black.otf in Resources */ = {isa = PBXBuildFile; fileRef = A11565AF29FB36DF00C7FD65 /* CircularStd-Black.otf */; };
		A11565BB29FB371900C7FD65 /* CircularStd-BoldItalic.otf in Resources */ = {isa = PBXBuildFile; fileRef = A11565B329FB36DF00C7FD65 /* CircularStd-BoldItalic.otf */; };
		A11565BC29FB371B00C7FD65 /* CircularStd-Book.otf in Resources */ = {isa = PBXBuildFile; fileRef = A11565B029FB36DF00C7FD65 /* CircularStd-Book.otf */; };
		A11565BD29FB371C00C7FD65 /* CircularStd-BookItalic.otf in Resources */ = {isa = PBXBuildFile; fileRef = A11565B629FB36DF00C7FD65 /* CircularStd-BookItalic.otf */; };
		A11565BE29FB371E00C7FD65 /* CircularStd-Light Italic.otf in Resources */ = {isa = PBXBuildFile; fileRef = A11565B229FB36DF00C7FD65 /* CircularStd-Light Italic.otf */; };
		A11565BF29FB372100C7FD65 /* CircularStd-Light.otf in Resources */ = {isa = PBXBuildFile; fileRef = A11565B729FB36DF00C7FD65 /* CircularStd-Light.otf */; };
		A11565C029FB372400C7FD65 /* CircularStd-Medium.otf in Resources */ = {isa = PBXBuildFile; fileRef = A11565B129FB36DF00C7FD65 /* CircularStd-Medium.otf */; };
		A11565C129FB372600C7FD65 /* CircularStd-MediumItalic.otf in Resources */ = {isa = PBXBuildFile; fileRef = A11565AE29FB36DF00C7FD65 /* CircularStd-MediumItalic.otf */; };
		A11565C429FB3E3300C7FD65 /* HeaderView.swift in Sources */ = {isa = PBXBuildFile; fileRef = A11565C329FB3E3300C7FD65 /* HeaderView.swift */; };
		A11565C629FB3ECA00C7FD65 /* HomePlaylists.swift in Sources */ = {isa = PBXBuildFile; fileRef = A11565C529FB3ECA00C7FD65 /* HomePlaylists.swift */; };
/* End PBXBuildFile section */

/* Begin PBXFileReference section */
		A115655D29F8EF1600C7FD65 /* SpotifyClone.app */ = {isa = PBXFileReference; explicitFileType = wrapper.application; includeInIndex = 0; path = SpotifyClone.app; sourceTree = BUILT_PRODUCTS_DIR; };
		A115656029F8EF1600C7FD65 /* SpotifyCloneApp.swift */ = {isa = PBXFileReference; lastKnownFileType = sourcecode.swift; path = SpotifyCloneApp.swift; sourceTree = "<group>"; };
		A115656229F8EF1600C7FD65 /* ContentView.swift */ = {isa = PBXFileReference; lastKnownFileType = sourcecode.swift; path = ContentView.swift; sourceTree = "<group>"; };
		A115656429F8EF1700C7FD65 /* Assets.xcassets */ = {isa = PBXFileReference; lastKnownFileType = folder.assetcatalog; path = Assets.xcassets; sourceTree = "<group>"; };
		A115656729F8EF1700C7FD65 /* Preview Assets.xcassets */ = {isa = PBXFileReference; lastKnownFileType = folder.assetcatalog; path = "Preview Assets.xcassets"; sourceTree = "<group>"; };
		A115656929F8EF1700C7FD65 /* Persistence.swift */ = {isa = PBXFileReference; lastKnownFileType = sourcecode.swift; path = Persistence.swift; sourceTree = "<group>"; };
		A115656C29F8EF1700C7FD65 /* SpotifyClone.xcdatamodel */ = {isa = PBXFileReference; lastKnownFileType = wrapper.xcdatamodel; path = SpotifyClone.xcdatamodel; sourceTree = "<group>"; };
		A115657329F8F06C00C7FD65 /* HomeView.swift */ = {isa = PBXFileReference; lastKnownFileType = sourcecode.swift; path = HomeView.swift; sourceTree = "<group>"; };
		A115657729F8F2B100C7FD65 /* PlaylistsView.swift */ = {isa = PBXFileReference; lastKnownFileType = sourcecode.swift; path = PlaylistsView.swift; sourceTree = "<group>"; };
		A115659429FB29AA00C7FD65 /* CategoryPill.swift */ = {isa = PBXFileReference; lastKnownFileType = sourcecode.swift; path = CategoryPill.swift; sourceTree = "<group>"; };
		A115659729FB2B9200C7FD65 /* Colors.swift */ = {isa = PBXFileReference; lastKnownFileType = sourcecode.swift; path = Colors.swift; sourceTree = "<group>"; };
		A115659929FB308900C7FD65 /* StretchableHeader.swift */ = {isa = PBXFileReference; lastKnownFileType = sourcecode.swift; path = StretchableHeader.swift; sourceTree = "<group>"; };
		A11565AE29FB36DF00C7FD65 /* CircularStd-MediumItalic.otf */ = {isa = PBXFileReference; lastKnownFileType = file; path = "CircularStd-MediumItalic.otf"; sourceTree = "<group>"; };
		A11565AF29FB36DF00C7FD65 /* CircularStd-Black.otf */ = {isa = PBXFileReference; lastKnownFileType = file; path = "CircularStd-Black.otf"; sourceTree = "<group>"; };
		A11565B029FB36DF00C7FD65 /* CircularStd-Book.otf */ = {isa = PBXFileReference; lastKnownFileType = file; path = "CircularStd-Book.otf"; sourceTree = "<group>"; };
		A11565B129FB36DF00C7FD65 /* CircularStd-Medium.otf */ = {isa = PBXFileReference; lastKnownFileType = file; path = "CircularStd-Medium.otf"; sourceTree = "<group>"; };
		A11565B229FB36DF00C7FD65 /* CircularStd-Light Italic.otf */ = {isa = PBXFileReference; lastKnownFileType = file; path = "CircularStd-Light Italic.otf"; sourceTree = "<group>"; };
		A11565B329FB36DF00C7FD65 /* CircularStd-BoldItalic.otf */ = {isa = PBXFileReference; lastKnownFileType = file; path = "CircularStd-BoldItalic.otf"; sourceTree = "<group>"; };
		A11565B429FB36DF00C7FD65 /* CircularStd-Bold.otf */ = {isa = PBXFileReference; lastKnownFileType = file; path = "CircularStd-Bold.otf"; sourceTree = "<group>"; };
		A11565B529FB36DF00C7FD65 /* CircularStd-BlackItalic.otf */ = {isa = PBXFileReference; lastKnownFileType = file; path = "CircularStd-BlackItalic.otf"; sourceTree = "<group>"; };
		A11565B629FB36DF00C7FD65 /* CircularStd-BookItalic.otf */ = {isa = PBXFileReference; lastKnownFileType = file; path = "CircularStd-BookItalic.otf"; sourceTree = "<group>"; };
		A11565B729FB36DF00C7FD65 /* CircularStd-Light.otf */ = {isa = PBXFileReference; lastKnownFileType = file; path = "CircularStd-Light.otf"; sourceTree = "<group>"; };
		A11565C229FB37C700C7FD65 /* Info.plist */ = {isa = PBXFileReference; lastKnownFileType = text.plist; path = Info.plist; sourceTree = "<group>"; };
		A11565C329FB3E3300C7FD65 /* HeaderView.swift */ = {isa = PBXFileReference; lastKnownFileType = sourcecode.swift; path = HeaderView.swift; sourceTree = "<group>"; };
		A11565C529FB3ECA00C7FD65 /* HomePlaylists.swift */ = {isa = PBXFileReference; lastKnownFileType = sourcecode.swift; path = HomePlaylists.swift; sourceTree = "<group>"; };
/* End PBXFileReference section */

/* Begin PBXFrameworksBuildPhase section */
		A115655A29F8EF1600C7FD65 /* Frameworks */ = {
			isa = PBXFrameworksBuildPhase;
			buildActionMask = 2147483647;
			files = (
			);
			runOnlyForDeploymentPostprocessing = 0;
		};
/* End PBXFrameworksBuildPhase section */

/* Begin PBXGroup section */
		A115655429F8EF1600C7FD65 = {
			isa = PBXGroup;
			children = (
				A115655F29F8EF1600C7FD65 /* SpotifyClone */,
				A115655E29F8EF1600C7FD65 /* Products */,
			);
			sourceTree = "<group>";
		};
		A115655E29F8EF1600C7FD65 /* Products */ = {
			isa = PBXGroup;
			children = (
				A115655D29F8EF1600C7FD65 /* SpotifyClone.app */,
			);
			name = Products;
			sourceTree = "<group>";
		};
		A115655F29F8EF1600C7FD65 /* SpotifyClone */ = {
			isa = PBXGroup;
			children = (
				A11565C229FB37C700C7FD65 /* Info.plist */,
				A115656029F8EF1600C7FD65 /* SpotifyCloneApp.swift */,
				A115659629FB2B8C00C7FD65 /* Helpers */,
				A115657529F8F0D800C7FD65 /* Views */,
				A115659B29FB368300C7FD65 /* Fonts */,
				A115656429F8EF1700C7FD65 /* Assets.xcassets */,
				A115656229F8EF1600C7FD65 /* ContentView.swift */,
				A115656929F8EF1700C7FD65 /* Persistence.swift */,
				A115656B29F8EF1700C7FD65 /* SpotifyClone.xcdatamodeld */,
				A115656629F8EF1700C7FD65 /* Preview Content */,
			);
			path = SpotifyClone;
			sourceTree = "<group>";
		};
		A115656629F8EF1700C7FD65 /* Preview Content */ = {
			isa = PBXGroup;
			children = (
				A115656729F8EF1700C7FD65 /* Preview Assets.xcassets */,
			);
			path = "Preview Content";
			sourceTree = "<group>";
		};
		A115657529F8F0D800C7FD65 /* Views */ = {
			isa = PBXGroup;
			children = (
				A115657629F8F1A300C7FD65 /* Home */,
			);
			path = Views;
			sourceTree = "<group>";
		};
		A115657629F8F1A300C7FD65 /* Home */ = {
			isa = PBXGroup;
			children = (
				A115659329FB298600C7FD65 /* Sub Views */,
				A115659229FB297A00C7FD65 /* HomeView */,
			);
			path = Home;
			sourceTree = "<group>";
		};
		A115659229FB297A00C7FD65 /* HomeView */ = {
			isa = PBXGroup;
			children = (
				A115657329F8F06C00C7FD65 /* HomeView.swift */,
			);
			path = HomeView;
			sourceTree = "<group>";
		};
		A115659329FB298600C7FD65 /* Sub Views */ = {
			isa = PBXGroup;
			children = (
				A115657729F8F2B100C7FD65 /* PlaylistsView.swift */,
				A115659429FB29AA00C7FD65 /* CategoryPill.swift */,
				A11565C329FB3E3300C7FD65 /* HeaderView.swift */,
				A11565C529FB3ECA00C7FD65 /* HomePlaylists.swift */,
			);
			path = "Sub Views";
			sourceTree = "<group>";
		};
		A115659629FB2B8C00C7FD65 /* Helpers */ = {
			isa = PBXGroup;
			children = (
				A115659729FB2B9200C7FD65 /* Colors.swift */,
				A115659929FB308900C7FD65 /* StretchableHeader.swift */,
			);
			path = Helpers;
			sourceTree = "<group>";
		};
		A115659B29FB368300C7FD65 /* Fonts */ = {
			isa = PBXGroup;
			children = (
				A11565AF29FB36DF00C7FD65 /* CircularStd-Black.otf */,
				A11565B529FB36DF00C7FD65 /* CircularStd-BlackItalic.otf */,
				A11565B429FB36DF00C7FD65 /* CircularStd-Bold.otf */,
				A11565B329FB36DF00C7FD65 /* CircularStd-BoldItalic.otf */,
				A11565B029FB36DF00C7FD65 /* CircularStd-Book.otf */,
				A11565B629FB36DF00C7FD65 /* CircularStd-BookItalic.otf */,
				A11565B229FB36DF00C7FD65 /* CircularStd-Light Italic.otf */,
				A11565B729FB36DF00C7FD65 /* CircularStd-Light.otf */,
				A11565B129FB36DF00C7FD65 /* CircularStd-Medium.otf */,
				A11565AE29FB36DF00C7FD65 /* CircularStd-MediumItalic.otf */,
			);
			path = Fonts;
			sourceTree = "<group>";
		};
/* End PBXGroup section */

/* Begin PBXNativeTarget section */
		A115655C29F8EF1600C7FD65 /* SpotifyClone */ = {
			isa = PBXNativeTarget;
			buildConfigurationList = A115657029F8EF1700C7FD65 /* Build configuration list for PBXNativeTarget "SpotifyClone" */;
			buildPhases = (
				A115655929F8EF1600C7FD65 /* Sources */,
				A115655A29F8EF1600C7FD65 /* Frameworks */,
				A115655B29F8EF1600C7FD65 /* Resources */,
			);
			buildRules = (
			);
			dependencies = (
			);
			name = SpotifyClone;
			productName = SpotifyClone;
			productReference = A115655D29F8EF1600C7FD65 /* SpotifyClone.app */;
			productType = "com.apple.product-type.application";
		};
/* End PBXNativeTarget section */

/* Begin PBXProject section */
		A115655529F8EF1600C7FD65 /* Project object */ = {
			isa = PBXProject;
			attributes = {
				BuildIndependentTargetsInParallel = 1;
				LastSwiftUpdateCheck = 1430;
				LastUpgradeCheck = 1430;
				TargetAttributes = {
					A115655C29F8EF1600C7FD65 = {
						CreatedOnToolsVersion = 14.3;
					};
				};
			};
			buildConfigurationList = A115655829F8EF1600C7FD65 /* Build configuration list for PBXProject "SpotifyClone" */;
			compatibilityVersion = "Xcode 14.0";
			developmentRegion = en;
			hasScannedForEncodings = 0;
			knownRegions = (
				en,
				Base,
			);
			mainGroup = A115655429F8EF1600C7FD65;
			productRefGroup = A115655E29F8EF1600C7FD65 /* Products */;
			projectDirPath = "";
			projectRoot = "";
			targets = (
				A115655C29F8EF1600C7FD65 /* SpotifyClone */,
			);
		};
/* End PBXProject section */

/* Begin PBXResourcesBuildPhase section */
		A115655B29F8EF1600C7FD65 /* Resources */ = {
			isa = PBXResourcesBuildPhase;
			buildActionMask = 2147483647;
			files = (
				A115656829F8EF1700C7FD65 /* Preview Assets.xcassets in Resources */,
				A11565BE29FB371E00C7FD65 /* CircularStd-Light Italic.otf in Resources */,
				A11565BB29FB371900C7FD65 /* CircularStd-BoldItalic.otf in Resources */,
				A11565BF29FB372100C7FD65 /* CircularStd-Light.otf in Resources */,
				A11565B829FB370E00C7FD65 /* CircularStd-Bold.otf in Resources */,
				A11565BC29FB371B00C7FD65 /* CircularStd-Book.otf in Resources */,
				A11565B929FB371100C7FD65 /* CircularStd-BlackItalic.otf in Resources */,
				A11565C129FB372600C7FD65 /* CircularStd-MediumItalic.otf in Resources */,
				A115656529F8EF1700C7FD65 /* Assets.xcassets in Resources */,
				A11565BA29FB371300C7FD65 /* CircularStd-Black.otf in Resources */,
				A11565BD29FB371C00C7FD65 /* CircularStd-BookItalic.otf in Resources */,
				A11565C029FB372400C7FD65 /* CircularStd-Medium.otf in Resources */,
			);
			runOnlyForDeploymentPostprocessing = 0;
		};
/* End PBXResourcesBuildPhase section */

/* Begin PBXSourcesBuildPhase section */
		A115655929F8EF1600C7FD65 /* Sources */ = {
			isa = PBXSourcesBuildPhase;
			buildActionMask = 2147483647;
			files = (
				A115659A29FB308900C7FD65 /* StretchableHeader.swift in Sources */,
				A115659529FB29AA00C7FD65 /* CategoryPill.swift in Sources */,
				A115659829FB2B9200C7FD65 /* Colors.swift in Sources */,
				A115657829F8F2B100C7FD65 /* PlaylistsView.swift in Sources */,
				A115656D29F8EF1700C7FD65 /* SpotifyClone.xcdatamodeld in Sources */,
				A11565C429FB3E3300C7FD65 /* HeaderView.swift in Sources */,
				A115656A29F8EF1700C7FD65 /* Persistence.swift in Sources */,
				A115656329F8EF1600C7FD65 /* ContentView.swift in Sources */,
				A115657429F8F06C00C7FD65 /* HomeView.swift in Sources */,
				A115656129F8EF1600C7FD65 /* SpotifyCloneApp.swift in Sources */,
				A11565C629FB3ECA00C7FD65 /* HomePlaylists.swift in Sources */,
			);
			runOnlyForDeploymentPostprocessing = 0;
		};
/* End PBXSourcesBuildPhase section */

/* Begin XCBuildConfiguration section */
		A115656E29F8EF1700C7FD65 /* Debug */ = {
			isa = XCBuildConfiguration;
			buildSettings = {
				ALWAYS_SEARCH_USER_PATHS = NO;
				CLANG_ANALYZER_NONNULL = YES;
				CLANG_ANALYZER_NUMBER_OBJECT_CONVERSION = YES_AGGRESSIVE;
				CLANG_CXX_LANGUAGE_STANDARD = "gnu++20";
				CLANG_ENABLE_MODULES = YES;
				CLANG_ENABLE_OBJC_ARC = YES;
				CLANG_ENABLE_OBJC_WEAK = YES;
				CLANG_WARN_BLOCK_CAPTURE_AUTORELEASING = YES;
				CLANG_WARN_BOOL_CONVERSION = YES;
				CLANG_WARN_COMMA = YES;
				CLANG_WARN_CONSTANT_CONVERSION = YES;
				CLANG_WARN_DEPRECATED_OBJC_IMPLEMENTATIONS = YES;
				CLANG_WARN_DIRECT_OBJC_ISA_USAGE = YES_ERROR;
				CLANG_WARN_DOCUMENTATION_COMMENTS = YES;
				CLANG_WARN_EMPTY_BODY = YES;
				CLANG_WARN_ENUM_CONVERSION = YES;
				CLANG_WARN_INFINITE_RECURSION = YES;
				CLANG_WARN_INT_CONVERSION = YES;
				CLANG_WARN_NON_LITERAL_NULL_CONVERSION = YES;
				CLANG_WARN_OBJC_IMPLICIT_RETAIN_SELF = YES;
				CLANG_WARN_OBJC_LITERAL_CONVERSION = YES;
				CLANG_WARN_OBJC_ROOT_CLASS = YES_ERROR;
				CLANG_WARN_QUOTED_INCLUDE_IN_FRAMEWORK_HEADER = YES;
				CLANG_WARN_RANGE_LOOP_ANALYSIS = YES;
				CLANG_WARN_STRICT_PROTOTYPES = YES;
				CLANG_WARN_SUSPICIOUS_MOVE = YES;
				CLANG_WARN_UNGUARDED_AVAILABILITY = YES_AGGRESSIVE;
				CLANG_WARN_UNREACHABLE_CODE = YES;
				CLANG_WARN__DUPLICATE_METHOD_MATCH = YES;
				COPY_PHASE_STRIP = NO;
				DEBUG_INFORMATION_FORMAT = dwarf;
				ENABLE_STRICT_OBJC_MSGSEND = YES;
				ENABLE_TESTABILITY = YES;
				GCC_C_LANGUAGE_STANDARD = gnu11;
				GCC_DYNAMIC_NO_PIC = NO;
				GCC_NO_COMMON_BLOCKS = YES;
				GCC_OPTIMIZATION_LEVEL = 0;
				GCC_PREPROCESSOR_DEFINITIONS = (
					"DEBUG=1",
					"$(inherited)",
				);
				GCC_WARN_64_TO_32_BIT_CONVERSION = YES;
				GCC_WARN_ABOUT_RETURN_TYPE = YES_ERROR;
				GCC_WARN_UNDECLARED_SELECTOR = YES;
				GCC_WARN_UNINITIALIZED_AUTOS = YES_AGGRESSIVE;
				GCC_WARN_UNUSED_FUNCTION = YES;
				GCC_WARN_UNUSED_VARIABLE = YES;
				IPHONEOS_DEPLOYMENT_TARGET = 16.4;
				MTL_ENABLE_DEBUG_INFO = INCLUDE_SOURCE;
				MTL_FAST_MATH = YES;
				ONLY_ACTIVE_ARCH = YES;
				SDKROOT = iphoneos;
				SWIFT_ACTIVE_COMPILATION_CONDITIONS = DEBUG;
				SWIFT_OPTIMIZATION_LEVEL = "-Onone";
			};
			name = Debug;
		};
		A115656F29F8EF1700C7FD65 /* Release */ = {
			isa = XCBuildConfiguration;
			buildSettings = {
				ALWAYS_SEARCH_USER_PATHS = NO;
				CLANG_ANALYZER_NONNULL = YES;
				CLANG_ANALYZER_NUMBER_OBJECT_CONVERSION = YES_AGGRESSIVE;
				CLANG_CXX_LANGUAGE_STANDARD = "gnu++20";
				CLANG_ENABLE_MODULES = YES;
				CLANG_ENABLE_OBJC_ARC = YES;
				CLANG_ENABLE_OBJC_WEAK = YES;
				CLANG_WARN_BLOCK_CAPTURE_AUTORELEASING = YES;
				CLANG_WARN_BOOL_CONVERSION = YES;
				CLANG_WARN_COMMA = YES;
				CLANG_WARN_CONSTANT_CONVERSION = YES;
				CLANG_WARN_DEPRECATED_OBJC_IMPLEMENTATIONS = YES;
				CLANG_WARN_DIRECT_OBJC_ISA_USAGE = YES_ERROR;
				CLANG_WARN_DOCUMENTATION_COMMENTS = YES;
				CLANG_WARN_EMPTY_BODY = YES;
				CLANG_WARN_ENUM_CONVERSION = YES;
				CLANG_WARN_INFINITE_RECURSION = YES;
				CLANG_WARN_INT_CONVERSION = YES;
				CLANG_WARN_NON_LITERAL_NULL_CONVERSION = YES;
				CLANG_WARN_OBJC_IMPLICIT_RETAIN_SELF = YES;
				CLANG_WARN_OBJC_LITERAL_CONVERSION = YES;
				CLANG_WARN_OBJC_ROOT_CLASS = YES_ERROR;
				CLANG_WARN_QUOTED_INCLUDE_IN_FRAMEWORK_HEADER = YES;
				CLANG_WARN_RANGE_LOOP_ANALYSIS = YES;
				CLANG_WARN_STRICT_PROTOTYPES = YES;
				CLANG_WARN_SUSPICIOUS_MOVE = YES;
				CLANG_WARN_UNGUARDED_AVAILABILITY = YES_AGGRESSIVE;
				CLANG_WARN_UNREACHABLE_CODE = YES;
				CLANG_WARN__DUPLICATE_METHOD_MATCH = YES;
				COPY_PHASE_STRIP = NO;
				DEBUG_INFORMATION_FORMAT = "dwarf-with-dsym";
				ENABLE_NS_ASSERTIONS = NO;
				ENABLE_STRICT_OBJC_MSGSEND = YES;
				GCC_C_LANGUAGE_STANDARD = gnu11;
				GCC_NO_COMMON_BLOCKS = YES;
				GCC_WARN_64_TO_32_BIT_CONVERSION = YES;
				GCC_WARN_ABOUT_RETURN_TYPE = YES_ERROR;
				GCC_WARN_UNDECLARED_SELECTOR = YES;
				GCC_WARN_UNINITIALIZED_AUTOS = YES_AGGRESSIVE;
				GCC_WARN_UNUSED_FUNCTION = YES;
				GCC_WARN_UNUSED_VARIABLE = YES;
				IPHONEOS_DEPLOYMENT_TARGET = 16.4;
				MTL_ENABLE_DEBUG_INFO = NO;
				MTL_FAST_MATH = YES;
				SDKROOT = iphoneos;
				SWIFT_COMPILATION_MODE = wholemodule;
				SWIFT_OPTIMIZATION_LEVEL = "-O";
				VALIDATE_PRODUCT = YES;
			};
			name = Release;
		};
		A115657129F8EF1700C7FD65 /* Debug */ = {
			isa = XCBuildConfiguration;
			buildSettings = {
				ASSETCATALOG_COMPILER_APPICON_NAME = AppIcon;
				ASSETCATALOG_COMPILER_GLOBAL_ACCENT_COLOR_NAME = AccentColor;
				CODE_SIGN_STYLE = Automatic;
				CURRENT_PROJECT_VERSION = 1;
				DEVELOPMENT_ASSET_PATHS = "\"SpotifyClone/Preview Content\"";
				DEVELOPMENT_TEAM = KQP2A9KA89;
				ENABLE_PREVIEWS = YES;
				GENERATE_INFOPLIST_FILE = YES;
				INFOPLIST_FILE = SpotifyClone/Info.plist;
				INFOPLIST_KEY_UIApplicationSceneManifest_Generation = YES;
				INFOPLIST_KEY_UIApplicationSupportsIndirectInputEvents = YES;
				INFOPLIST_KEY_UILaunchScreen_Generation = YES;
				INFOPLIST_KEY_UISupportedInterfaceOrientations_iPad = "UIInterfaceOrientationPortrait UIInterfaceOrientationPortraitUpsideDown UIInterfaceOrientationLandscapeLeft UIInterfaceOrientationLandscapeRight";
				INFOPLIST_KEY_UISupportedInterfaceOrientations_iPhone = "UIInterfaceOrientationPortrait UIInterfaceOrientationLandscapeLeft UIInterfaceOrientationLandscapeRight";
				LD_RUNPATH_SEARCH_PATHS = (
					"$(inherited)",
					"@executable_path/Frameworks",
				);
				MARKETING_VERSION = 1.0;
				PRODUCT_BUNDLE_IDENTIFIER = com.AhmedAlabiad.SpotifyClone;
				PRODUCT_NAME = "$(TARGET_NAME)";
				SWIFT_EMIT_LOC_STRINGS = YES;
				SWIFT_VERSION = 5.0;
				TARGETED_DEVICE_FAMILY = "1,2";
			};
			name = Debug;
		};
		A115657229F8EF1700C7FD65 /* Release */ = {
			isa = XCBuildConfiguration;
			buildSettings = {
				ASSETCATALOG_COMPILER_APPICON_NAME = AppIcon;
				ASSETCATALOG_COMPILER_GLOBAL_ACCENT_COLOR_NAME = AccentColor;
				CODE_SIGN_STYLE = Automatic;
				CURRENT_PROJECT_VERSION = 1;
				DEVELOPMENT_ASSET_PATHS = "\"SpotifyClone/Preview Content\"";
				DEVELOPMENT_TEAM = KQP2A9KA89;
				ENABLE_PREVIEWS = YES;
				GENERATE_INFOPLIST_FILE = YES;
				INFOPLIST_FILE = SpotifyClone/Info.plist;
				INFOPLIST_KEY_UIApplicationSceneManifest_Generation = YES;
				INFOPLIST_KEY_UIApplicationSupportsIndirectInputEvents = YES;
				INFOPLIST_KEY_UILaunchScreen_Generation = YES;
				INFOPLIST_KEY_UISupportedInterfaceOrientations_iPad = "UIInterfaceOrientationPortrait UIInterfaceOrientationPortraitUpsideDown UIInterfaceOrientationLandscapeLeft UIInterfaceOrientationLandscapeRight";
				INFOPLIST_KEY_UISupportedInterfaceOrientations_iPhone = "UIInterfaceOrientationPortrait UIInterfaceOrientationLandscapeLeft UIInterfaceOrientationLandscapeRight";
				LD_RUNPATH_SEARCH_PATHS = (
					"$(inherited)",
					"@executable_path/Frameworks",
				);
				MARKETING_VERSION = 1.0;
				PRODUCT_BUNDLE_IDENTIFIER = com.AhmedAlabiad.SpotifyClone;
				PRODUCT_NAME = "$(TARGET_NAME)";
				SWIFT_EMIT_LOC_STRINGS = YES;
				SWIFT_VERSION = 5.0;
				TARGETED_DEVICE_FAMILY = "1,2";
			};
			name = Release;
		};
/* End XCBuildConfiguration section */

/* Begin XCConfigurationList section */
		A115655829F8EF1600C7FD65 /* Build configuration list for PBXProject "SpotifyClone" */ = {
			isa = XCConfigurationList;
			buildConfigurations = (
				A115656E29F8EF1700C7FD65 /* Debug */,
				A115656F29F8EF1700C7FD65 /* Release */,
			);
			defaultConfigurationIsVisible = 0;
			defaultConfigurationName = Release;
		};
		A115657029F8EF1700C7FD65 /* Build configuration list for PBXNativeTarget "SpotifyClone" */ = {
			isa = XCConfigurationList;
			buildConfigurations = (
				A115657129F8EF1700C7FD65 /* Debug */,
				A115657229F8EF1700C7FD65 /* Release */,
			);
			defaultConfigurationIsVisible = 0;
			defaultConfigurationName = Release;
		};
/* End XCConfigurationList section */

/* Begin XCVersionGroup section */
		A115656B29F8EF1700C7FD65 /* SpotifyClone.xcdatamodeld */ = {
			isa = XCVersionGroup;
			children = (
				A115656C29F8EF1700C7FD65 /* SpotifyClone.xcdatamodel */,
			);
			currentVersion = A115656C29F8EF1700C7FD65 /* SpotifyClone.xcdatamodel */;
			path = SpotifyClone.xcdatamodeld;
			sourceTree = "<group>";
			versionGroupType = wrapper.xcdatamodel;
		};
/* End XCVersionGroup section */
	};
	rootObject = A115655529F8EF1600C7FD65 /* Project object */;
}
